
Microsoft Visual Studio Solution File, Format Version 12.00
# Visual Studio 14
VisualStudioVersion = 14.0.23107.0
MinimumVisualStudioVersion = 10.0.40219.1
Project("{FAE04EC0-301F-11D3-BF4B-00C04F79EFBC}") = "Bootcamp.API", "Bootcamp.API\Bootcamp.API.csproj", "{FED2AE9A-2AD8-44DD-A947-49A0B43C20DD}"
EndProject
Project("{FAE04EC0-301F-11D3-BF4B-00C04F79EFBC}") = "DataAccess", "DataAccess\DataAccess.csproj", "{AAB377EC-B312-459A-9C56-6875ADA7C038}"
EndProject
Project("{FAE04EC0-301F-11D3-BF4B-00C04F79EFBC}") = "Core", "Core\Core.csproj", "{49429639-0A4A-438F-9F08-5E259CE80057}"
EndProject
Project("{FAE04EC0-301F-11D3-BF4B-00C04F79EFBC}") = "Common", "Common\Common.csproj", "{2382EAC0-1957-409E-AE8D-4ED7DE802043}"
EndProject
Project("{FAE04EC0-301F-11D3-BF4B-00C04F79EFBC}") = "BusinessLogic", "BusinessLogic\BusinessLogic.csproj", "{A200D615-5864-4B36-9FDC-3C24A8C0527D}"
EndProject
Project("{FAE04EC0-301F-11D3-BF4B-00C04F79EFBC}") = "Client", "Client\Client.csproj", "{55E5A783-5634-45D2-9B37-15F8273C8145}"
EndProject
Global
	GlobalSection(SolutionConfigurationPlatforms) = preSolution
		Debug|Any CPU = Debug|Any CPU
		Release|Any CPU = Release|Any CPU
	EndGlobalSection
	GlobalSection(ProjectConfigurationPlatforms) = postSolution
		{FED2AE9A-2AD8-44DD-A947-49A0B43C20DD}.Debug|Any CPU.ActiveCfg = Debug|Any CPU
		{FED2AE9A-2AD8-44DD-A947-49A0B43C20DD}.Debug|Any CPU.Build.0 = Debug|Any CPU
		{FED2AE9A-2AD8-44DD-A947-49A0B43C20DD}.Release|Any CPU.ActiveCfg = Release|Any CPU
		{FED2AE9A-2AD8-44DD-A947-49A0B43C20DD}.Release|Any CPU.Build.0 = Release|Any CPU
		{AAB377EC-B312-459A-9C56-6875ADA7C038}.Debug|Any CPU.ActiveCfg = Debug|Any CPU
		{AAB377EC-B312-459A-9C56-6875ADA7C038}.Debug|Any CPU.Build.0 = Debug|Any CPU
		{AAB377EC-B312-459A-9C56-6875ADA7C038}.Release|Any CPU.ActiveCfg = Release|Any CPU
		{AAB377EC-B312-459A-9C56-6875ADA7C038}.Release|Any CPU.Build.0 = Release|Any CPU
		{49429639-0A4A-438F-9F08-5E259CE80057}.Debug|Any CPU.ActiveCfg = Debug|Any CPU
		{49429639-0A4A-438F-9F08-5E259CE80057}.Debug|Any CPU.Build.0 = Debug|Any CPU
		{49429639-0A4A-438F-9F08-5E259CE80057}.Release|Any CPU.ActiveCfg = Release|Any CPU
		{49429639-0A4A-438F-9F08-5E259CE80057}.Release|Any CPU.Build.0 = Release|Any CPU
		{2382EAC0-1957-409E-AE8D-4ED7DE802043}.Debug|Any CPU.ActiveCfg = Debug|Any CPU
		{2382EAC0-1957-409E-AE8D-4ED7DE802043}.Debug|Any CPU.Build.0 = Debug|Any CPU
		{2382EAC0-1957-409E-AE8D-4ED7DE802043}.Release|Any CPU.ActiveCfg = Release|Any CPU
		{2382EAC0-1957-409E-AE8D-4ED7DE802043}.Release|Any CPU.Build.0 = Release|Any CPU
		{A200D615-5864-4B36-9FDC-3C24A8C0527D}.Debug|Any CPU.ActiveCfg = Debug|Any CPU
		{A200D615-5864-4B36-9FDC-3C24A8C0527D}.Debug|Any CPU.Build.0 = Debug|Any CPU
		{A200D615-5864-4B36-9FDC-3C24A8C0527D}.Release|Any CPU.ActiveCfg = Release|Any CPU
		{A200D615-5864-4B36-9FDC-3C24A8C0527D}.Release|Any CPU.Build.0 = Release|Any CPU
		{55E5A783-5634-45D2-9B37-15F8273C8145}.Debug|Any CPU.ActiveCfg = Debug|Any CPU
		{55E5A783-5634-45D2-9B37-15F8273C8145}.Debug|Any CPU.Build.0 = Debug|Any CPU
		{55E5A783-5634-45D2-9B37-15F8273C8145}.Release|Any CPU.ActiveCfg = Release|Any CPU
		{55E5A783-5634-45D2-9B37-15F8273C8145}.Release|Any CPU.Build.0 = Release|Any CPU
	EndGlobalSection
	GlobalSection(SolutionProperties) = preSolution
		HideSolutionNode = FALSE
	EndGlobalSection
EndGlobal
